
Microsoft Visual Studio Solution File, Format Version 12.00
# Visual Studio 15
VisualStudioVersion = 15.0.28010.2036
MinimumVisualStudioVersion = 10.0.40219.1
Project("{9A19103F-16F7-4668-BE54-9A1E7A4F7556}") = "LeanAspNetCore", "LeanAspNetCore.csproj", "{0A9A7873-E572-482F-9292-0EA546F649ED}"
EndProject
Global
	GlobalSection(SolutionConfigurationPlatforms) = preSolution
		Debug|Any CPU = Debug|Any CPU
		Release|Any CPU = Release|Any CPU
	EndGlobalSection
	GlobalSection(ProjectConfigurationPlatforms) = postSolution
		{0A9A7873-E572-482F-9292-0EA546F649ED}.Debug|Any CPU.ActiveCfg = Debug|Any CPU
		{0A9A7873-E572-482F-9292-0EA546F649ED}.Debug|Any CPU.Build.0 = Debug|Any CPU
		{0A9A7873-E572-482F-9292-0EA546F649ED}.Release|Any CPU.ActiveCfg = Release|Any CPU
		{0A9A7873-E572-482F-9292-0EA546F649ED}.Release|Any CPU.Build.0 = Release|Any CPU
	EndGlobalSection
	GlobalSection(SolutionProperties) = preSolution
		HideSolutionNode = FALSE
	EndGlobalSection
	GlobalSection(ExtensibilityGlobals) = postSolution
		SolutionGuid = {B563B3B9-7195-4064-B7F4-D370F22981A5}
	EndGlobalSection
EndGlobal
